
Microsoft Visual Studio Solution File, Format Version 12.00
# Visual Studio Version 16
VisualStudioVersion = 16.0.31105.61
MinimumVisualStudioVersion = 10.0.40219.1
Project("{FAE04EC0-301F-11D3-BF4B-00C04F79EFBC}") = "AppQuantity.Android", "AppQuantity\AppQuantity.Android\AppQuantity.Android.csproj", "{7E037331-25FE-4D8E-8F90-2AB95EA2A9FB}"
EndProject
Project("{9A19103F-16F7-4668-BE54-9A1E7A4F7556}") = "AppQuantity", "AppQuantity\AppQuantity\AppQuantity.csproj", "{23F0C7F9-6F1F-40BC-83C6-CD07FAB6A2BE}"
EndProject
Global
	GlobalSection(SolutionConfigurationPlatforms) = preSolution
		Debug|Any CPU = Debug|Any CPU
		Debug|iPhone = Debug|iPhone
		Debug|iPhoneSimulator = Debug|iPhoneSimulator
		Release|Any CPU = Release|Any CPU
		Release|iPhone = Release|iPhone
		Release|iPhoneSimulator = Release|iPhoneSimulator
	EndGlobalSection
	GlobalSection(ProjectConfigurationPlatforms) = postSolution
		{7E037331-25FE-4D8E-8F90-2AB95EA2A9FB}.Debug|Any CPU.ActiveCfg = Debug|Any CPU
		{7E037331-25FE-4D8E-8F90-2AB95EA2A9FB}.Debug|Any CPU.Build.0 = Debug|Any CPU
		{7E037331-25FE-4D8E-8F90-2AB95EA2A9FB}.Debug|Any CPU.Deploy.0 = Debug|Any CPU
		{7E037331-25FE-4D8E-8F90-2AB95EA2A9FB}.Debug|iPhone.ActiveCfg = Debug|Any CPU
		{7E037331-25FE-4D8E-8F90-2AB95EA2A9FB}.Debug|iPhone.Build.0 = Debug|Any CPU
		{7E037331-25FE-4D8E-8F90-2AB95EA2A9FB}.Debug|iPhone.Deploy.0 = Debug|Any CPU
		{7E037331-25FE-4D8E-8F90-2AB95EA2A9FB}.Debug|iPhoneSimulator.ActiveCfg = Debug|Any CPU
		{7E037331-25FE-4D8E-8F90-2AB95EA2A9FB}.Debug|iPhoneSimulator.Build.0 = Debug|Any CPU
		{7E037331-25FE-4D8E-8F90-2AB95EA2A9FB}.Debug|iPhoneSimulator.Deploy.0 = Debug|Any CPU
		{7E037331-25FE-4D8E-8F90-2AB95EA2A9FB}.Release|Any CPU.ActiveCfg = Release|Any CPU
		{7E037331-25FE-4D8E-8F90-2AB95EA2A9FB}.Release|Any CPU.Build.0 = Release|Any CPU
		{7E037331-25FE-4D8E-8F90-2AB95EA2A9FB}.Release|Any CPU.Deploy.0 = Release|Any CPU
		{7E037331-25FE-4D8E-8F90-2AB95EA2A9FB}.Release|iPhone.ActiveCfg = Release|Any CPU
		{7E037331-25FE-4D8E-8F90-2AB95EA2A9FB}.Release|iPhone.Build.0 = Release|Any CPU
		{7E037331-25FE-4D8E-8F90-2AB95EA2A9FB}.Release|iPhone.Deploy.0 = Release|Any CPU
		{7E037331-25FE-4D8E-8F90-2AB95EA2A9FB}.Release|iPhoneSimulator.ActiveCfg = Release|Any CPU
		{7E037331-25FE-4D8E-8F90-2AB95EA2A9FB}.Release|iPhoneSimulator.Build.0 = Release|Any CPU
		{7E037331-25FE-4D8E-8F90-2AB95EA2A9FB}.Release|iPhoneSimulator.Deploy.0 = Release|Any CPU
		{23F0C7F9-6F1F-40BC-83C6-CD07FAB6A2BE}.Debug|Any CPU.ActiveCfg = Debug|Any CPU
		{23F0C7F9-6F1F-40BC-83C6-CD07FAB6A2BE}.Debug|Any CPU.Build.0 = Debug|Any CPU
		{23F0C7F9-6F1F-40BC-83C6-CD07FAB6A2BE}.Debug|Any CPU.Deploy.0 = Debug|Any CPU
		{23F0C7F9-6F1F-40BC-83C6-CD07FAB6A2BE}.Debug|iPhone.ActiveCfg = Debug|Any CPU
		{23F0C7F9-6F1F-40BC-83C6-CD07FAB6A2BE}.Debug|iPhone.Build.0 = Debug|Any CPU
		{23F0C7F9-6F1F-40BC-83C6-CD07FAB6A2BE}.Debug|iPhone.Deploy.0 = Debug|Any CPU
		{23F0C7F9-6F1F-40BC-83C6-CD07FAB6A2BE}.Debug|iPhoneSimulator.ActiveCfg = Debug|Any CPU
		{23F0C7F9-6F1F-40BC-83C6-CD07FAB6A2BE}.Debug|iPhoneSimulator.Build.0 = Debug|Any CPU
		{23F0C7F9-6F1F-40BC-83C6-CD07FAB6A2BE}.Debug|iPhoneSimulator.Deploy.0 = Debug|Any CPU
		{23F0C7F9-6F1F-40BC-83C6-CD07FAB6A2BE}.Release|Any CPU.ActiveCfg = Release|Any CPU
		{23F0C7F9-6F1F-40BC-83C6-CD07FAB6A2BE}.Release|Any CPU.Build.0 = Release|Any CPU
		{23F0C7F9-6F1F-40BC-83C6-CD07FAB6A2BE}.Release|Any CPU.Deploy.0 = Release|Any CPU
		{23F0C7F9-6F1F-40BC-83C6-CD07FAB6A2BE}.Release|iPhone.ActiveCfg = Release|Any CPU
		{23F0C7F9-6F1F-40BC-83C6-CD07FAB6A2BE}.Release|iPhone.Build.0 = Release|Any CPU
		{23F0C7F9-6F1F-40BC-83C6-CD07FAB6A2BE}.Release|iPhone.Deploy.0 = Release|Any CPU
		{23F0C7F9-6F1F-40BC-83C6-CD07FAB6A2BE}.Release|iPhoneSimulator.ActiveCfg = Release|Any CPU
		{23F0C7F9-6F1F-40BC-83C6-CD07FAB6A2BE}.Release|iPhoneSimulator.Build.0 = Release|Any CPU
		{23F0C7F9-6F1F-40BC-83C6-CD07FAB6A2BE}.Release|iPhoneSimulator.Deploy.0 = Release|Any CPU
	EndGlobalSection
	GlobalSection(SolutionProperties) = preSolution
		HideSolutionNode = FALSE
	EndGlobalSection
	GlobalSection(ExtensibilityGlobals) = postSolution
		SolutionGuid = {268DCE01-F6E8-4584-9F1D-EC97A51F806A}
	EndGlobalSection
EndGlobal
